
Microsoft Visual Studio Solution File, Format Version 12.00
# Visual Studio Version 17
VisualStudioVersion = 17.4.33122.133
MinimumVisualStudioVersion = 10.0.40219.1
Project("{9A19103F-16F7-4668-BE54-9A1E7A4F7556}") = "Discord.Client", "Discord.Client\Discord.Client.csproj", "{DF1AEAD3-6B18-4802-8281-8EA1995E3C64}"
EndProject
Project("{2150E333-8FDC-42A3-9474-1A3956D46DE8}") = "10 Client", "10 Client", "{1BD61725-D33B-4326-A515-5285E326A734}"
EndProject
Global
	GlobalSection(SolutionConfigurationPlatforms) = preSolution
		Debug|Any CPU = Debug|Any CPU
		Release|Any CPU = Release|Any CPU
	EndGlobalSection
	GlobalSection(ProjectConfigurationPlatforms) = postSolution
		{DF1AEAD3-6B18-4802-8281-8EA1995E3C64}.Debug|Any CPU.ActiveCfg = Debug|Any CPU
		{DF1AEAD3-6B18-4802-8281-8EA1995E3C64}.Debug|Any CPU.Build.0 = Debug|Any CPU
		{DF1AEAD3-6B18-4802-8281-8EA1995E3C64}.Release|Any CPU.ActiveCfg = Release|Any CPU
		{DF1AEAD3-6B18-4802-8281-8EA1995E3C64}.Release|Any CPU.Build.0 = Release|Any CPU
	EndGlobalSection
	GlobalSection(SolutionProperties) = preSolution
		HideSolutionNode = FALSE
	EndGlobalSection
	GlobalSection(NestedProjects) = preSolution
		{DF1AEAD3-6B18-4802-8281-8EA1995E3C64} = {1BD61725-D33B-4326-A515-5285E326A734}
	EndGlobalSection
	GlobalSection(ExtensibilityGlobals) = postSolution
		SolutionGuid = {5D732EA6-5A88-490C-9ED2-5F58C8091FF6}
	EndGlobalSection
EndGlobal
